
Microsoft Visual Studio Solution File, Format Version 12.00
# Visual Studio Version 17
VisualStudioVersion = 17.6.33829.357
MinimumVisualStudioVersion = 10.0.40219.1
Project("{9A19103F-16F7-4668-BE54-9A1E7A4F7556}") = "Admin", "Admin.csproj", "{C35046BE-90B1-4A7D-A934-5D643D355A18}"
EndProject
Project("{9A19103F-16F7-4668-BE54-9A1E7A4F7556}") = "AIDataWebApi", "..\AIDataWebApi\AIDataWebApi.csproj", "{B935BA40-6290-4DC4-B240-5CCC90E507D9}"
EndProject
Project("{9A19103F-16F7-4668-BE54-9A1E7A4F7556}") = "Client", "..\Client\Client.csproj", "{8F03CCF0-F657-48C1-A869-F2E72BBAD923}"
EndProject
Project("{9A19103F-16F7-4668-BE54-9A1E7A4F7556}") = "AIData.Models", "..\AIData.Models\AIData.Models.csproj", "{D998BE63-4B12-4981-BE99-A1F41B88762D}"
EndProject
Project("{9A19103F-16F7-4668-BE54-9A1E7A4F7556}") = "AIData.DAL", "..\AIData.DAL\AIData.DAL.csproj", "{5A917CBD-F5EB-4F4D-8A49-A6B96FB5401A}"
EndProject
Global
	GlobalSection(SolutionConfigurationPlatforms) = preSolution
		Debug|Any CPU = Debug|Any CPU
		Release|Any CPU = Release|Any CPU
	EndGlobalSection
	GlobalSection(ProjectConfigurationPlatforms) = postSolution
		{C35046BE-90B1-4A7D-A934-5D643D355A18}.Debug|Any CPU.ActiveCfg = Debug|Any CPU
		{C35046BE-90B1-4A7D-A934-5D643D355A18}.Debug|Any CPU.Build.0 = Debug|Any CPU
		{C35046BE-90B1-4A7D-A934-5D643D355A18}.Release|Any CPU.ActiveCfg = Release|Any CPU
		{C35046BE-90B1-4A7D-A934-5D643D355A18}.Release|Any CPU.Build.0 = Release|Any CPU
		{B935BA40-6290-4DC4-B240-5CCC90E507D9}.Debug|Any CPU.ActiveCfg = Debug|Any CPU
		{B935BA40-6290-4DC4-B240-5CCC90E507D9}.Debug|Any CPU.Build.0 = Debug|Any CPU
		{B935BA40-6290-4DC4-B240-5CCC90E507D9}.Release|Any CPU.ActiveCfg = Release|Any CPU
		{B935BA40-6290-4DC4-B240-5CCC90E507D9}.Release|Any CPU.Build.0 = Release|Any CPU
		{8F03CCF0-F657-48C1-A869-F2E72BBAD923}.Debug|Any CPU.ActiveCfg = Debug|Any CPU
		{8F03CCF0-F657-48C1-A869-F2E72BBAD923}.Debug|Any CPU.Build.0 = Debug|Any CPU
		{8F03CCF0-F657-48C1-A869-F2E72BBAD923}.Release|Any CPU.ActiveCfg = Release|Any CPU
		{8F03CCF0-F657-48C1-A869-F2E72BBAD923}.Release|Any CPU.Build.0 = Release|Any CPU
		{D998BE63-4B12-4981-BE99-A1F41B88762D}.Debug|Any CPU.ActiveCfg = Debug|Any CPU
		{D998BE63-4B12-4981-BE99-A1F41B88762D}.Debug|Any CPU.Build.0 = Debug|Any CPU
		{D998BE63-4B12-4981-BE99-A1F41B88762D}.Release|Any CPU.ActiveCfg = Release|Any CPU
		{D998BE63-4B12-4981-BE99-A1F41B88762D}.Release|Any CPU.Build.0 = Release|Any CPU
		{5A917CBD-F5EB-4F4D-8A49-A6B96FB5401A}.Debug|Any CPU.ActiveCfg = Debug|Any CPU
		{5A917CBD-F5EB-4F4D-8A49-A6B96FB5401A}.Debug|Any CPU.Build.0 = Debug|Any CPU
		{5A917CBD-F5EB-4F4D-8A49-A6B96FB5401A}.Release|Any CPU.ActiveCfg = Release|Any CPU
		{5A917CBD-F5EB-4F4D-8A49-A6B96FB5401A}.Release|Any CPU.Build.0 = Release|Any CPU
	EndGlobalSection
	GlobalSection(SolutionProperties) = preSolution
		HideSolutionNode = FALSE
	EndGlobalSection
	GlobalSection(ExtensibilityGlobals) = postSolution
		SolutionGuid = {D8745349-CA70-4D4B-A0BA-C4D0D5D8D731}
	EndGlobalSection
EndGlobal
