
Microsoft Visual Studio Solution File, Format Version 12.00
# Visual Studio Version 17
VisualStudioVersion = 17.6.33829.357
MinimumVisualStudioVersion = 10.0.40219.1
Project("{FAE04EC0-301F-11D3-BF4B-00C04F79EFBC}") = "ConsoleApp2", "ConsoleApp2\ConsoleApp2.csproj", "{D20781C9-1418-4B7A-9DF2-E54CBD6946C3}"
EndProject
Global
	GlobalSection(SolutionConfigurationPlatforms) = preSolution
		Debug|Any CPU = Debug|Any CPU
		Release|Any CPU = Release|Any CPU
	EndGlobalSection
	GlobalSection(ProjectConfigurationPlatforms) = postSolution
		{D20781C9-1418-4B7A-9DF2-E54CBD6946C3}.Debug|Any CPU.ActiveCfg = Debug|Any CPU
		{D20781C9-1418-4B7A-9DF2-E54CBD6946C3}.Debug|Any CPU.Build.0 = Debug|Any CPU
		{D20781C9-1418-4B7A-9DF2-E54CBD6946C3}.Release|Any CPU.ActiveCfg = Release|Any CPU
		{D20781C9-1418-4B7A-9DF2-E54CBD6946C3}.Release|Any CPU.Build.0 = Release|Any CPU
	EndGlobalSection
	GlobalSection(SolutionProperties) = preSolution
		HideSolutionNode = FALSE
	EndGlobalSection
	GlobalSection(ExtensibilityGlobals) = postSolution
		SolutionGuid = {80F1AF5C-24C8-41F3-9C1B-0B8E65853314}
	EndGlobalSection
EndGlobal
